
Microsoft Visual Studio Solution File, Format Version 12.00
# Visual Studio 14
VisualStudioVersion = 14.0.25420.1
MinimumVisualStudioVersion = 10.0.40219.1
Project("{2150E333-8FDC-42A3-9474-1A3956D46DE8}") = "src", "src", "{ECC31F6F-BDF2-49E6-ACAB-25E68A8AC2BB}"
EndProject
Project("{2150E333-8FDC-42A3-9474-1A3956D46DE8}") = "Solution Items", "Solution Items", "{A305F4BC-7623-4691-9139-71DEB43A5B41}"
	ProjectSection(SolutionItems) = preProject
		global.json = global.json
	EndProjectSection
EndProject
Project("{8BB2217D-0F2D-49D1-97BC-3654ED321F3B}") = "MyCodeCamp", "src\MyCodeCamp\MyCodeCamp.xproj", "{BC2B3062-3A8A-4451-96EE-E102A502678F}"
EndProject
Project("{8BB2217D-0F2D-49D1-97BC-3654ED321F3B}") = "MyCodeCamp.Data", "src\MyCodeCamp.Data\MyCodeCamp.Data.xproj", "{27499CF7-2060-4F57-9166-9A2468674626}"
EndProject
Project("{2150E333-8FDC-42A3-9474-1A3956D46DE8}") = "Screenshots", "Screenshots", "{FC9EECF6-90E0-47AA-84FE-D2B76C0704FB}"
	ProjectSection(SolutionItems) = preProject
		Scroonshots\Send data through Body in Json.png = Scroonshots\Send data through Body in Json.png
		Scroonshots\Send data through Body in UrlEncoded.png = Scroonshots\Send data through Body in UrlEncoded.png
		C:\Users\tomohiro\Desktop\Send Token to Access API .png = C:\Users\tomohiro\Desktop\Send Token to Access API .png
	EndProjectSection
EndProject
Global
	GlobalSection(SolutionConfigurationPlatforms) = preSolution
		Debug|Any CPU = Debug|Any CPU
		Release|Any CPU = Release|Any CPU
	EndGlobalSection
	GlobalSection(ProjectConfigurationPlatforms) = postSolution
		{BC2B3062-3A8A-4451-96EE-E102A502678F}.Debug|Any CPU.ActiveCfg = Debug|Any CPU
		{BC2B3062-3A8A-4451-96EE-E102A502678F}.Debug|Any CPU.Build.0 = Debug|Any CPU
		{BC2B3062-3A8A-4451-96EE-E102A502678F}.Release|Any CPU.ActiveCfg = Release|Any CPU
		{BC2B3062-3A8A-4451-96EE-E102A502678F}.Release|Any CPU.Build.0 = Release|Any CPU
		{27499CF7-2060-4F57-9166-9A2468674626}.Debug|Any CPU.ActiveCfg = Debug|Any CPU
		{27499CF7-2060-4F57-9166-9A2468674626}.Debug|Any CPU.Build.0 = Debug|Any CPU
		{27499CF7-2060-4F57-9166-9A2468674626}.Release|Any CPU.ActiveCfg = Release|Any CPU
		{27499CF7-2060-4F57-9166-9A2468674626}.Release|Any CPU.Build.0 = Release|Any CPU
	EndGlobalSection
	GlobalSection(SolutionProperties) = preSolution
		HideSolutionNode = FALSE
	EndGlobalSection
	GlobalSection(NestedProjects) = preSolution
		{BC2B3062-3A8A-4451-96EE-E102A502678F} = {ECC31F6F-BDF2-49E6-ACAB-25E68A8AC2BB}
	EndGlobalSection
EndGlobal
